
Microsoft Visual Studio Solution File, Format Version 12.00
# Visual Studio Version 17
VisualStudioVersion = 17.14.36310.24 d17.14
MinimumVisualStudioVersion = 10.0.40219.1
Project("{FAE04EC0-301F-11D3-BF4B-00C04F79EFBC}") = "MinhaAPI", "MinhaAPI\MinhaAPI.csproj", "{CB1F47DD-7FA5-4BB4-A74D-EF8F6BC49D05}"
EndProject
Global
	GlobalSection(SolutionConfigurationPlatforms) = preSolution
		Debug|Any CPU = Debug|Any CPU
		Release|Any CPU = Release|Any CPU
	EndGlobalSection
	GlobalSection(ProjectConfigurationPlatforms) = postSolution
		{CB1F47DD-7FA5-4BB4-A74D-EF8F6BC49D05}.Debug|Any CPU.ActiveCfg = Debug|Any CPU
		{CB1F47DD-7FA5-4BB4-A74D-EF8F6BC49D05}.Debug|Any CPU.Build.0 = Debug|Any CPU
		{CB1F47DD-7FA5-4BB4-A74D-EF8F6BC49D05}.Release|Any CPU.ActiveCfg = Release|Any CPU
		{CB1F47DD-7FA5-4BB4-A74D-EF8F6BC49D05}.Release|Any CPU.Build.0 = Release|Any CPU
	EndGlobalSection
	GlobalSection(SolutionProperties) = preSolution
		HideSolutionNode = FALSE
	EndGlobalSection
	GlobalSection(ExtensibilityGlobals) = postSolution
		SolutionGuid = {241830B8-43BD-48AD-9CE4-3E7724E603EF}
	EndGlobalSection
EndGlobal
