
Microsoft Visual Studio Solution File, Format Version 12.00
# Visual Studio Version 17
VisualStudioVersion = 17.14.36310.24
MinimumVisualStudioVersion = 10.0.40219.1
Project("{FAE04EC0-301F-11D3-BF4B-00C04F79EFBC}") = "APICatalog", "APICatalog\APICatalog.csproj", "{56692035-D072-42F0-8792-9B8D715DB65F}"
EndProject
Project("{2150E333-8FDC-42A3-9474-1A3956D46DE8}") = "Solution Items", "Solution Items", "{8EC462FD-D22E-90A8-E5CE-7E832BA40C5D}"
	ProjectSection(SolutionItems) = preProject
		.gitignore = .gitignore
	EndProjectSection
EndProject
Project("{FAE04EC0-301F-11D3-BF4B-00C04F79EFBC}") = "APICatalogoxUnitTest", "APICatalogoxUnitTest\APICatalogoxUnitTest.csproj", "{DC4C5589-5B23-42A1-8653-E17B54B0E888}"
EndProject
Global
	GlobalSection(SolutionConfigurationPlatforms) = preSolution
		Debug|Any CPU = Debug|Any CPU
		Release|Any CPU = Release|Any CPU
	EndGlobalSection
	GlobalSection(ProjectConfigurationPlatforms) = postSolution
		{56692035-D072-42F0-8792-9B8D715DB65F}.Debug|Any CPU.ActiveCfg = Debug|Any CPU
		{56692035-D072-42F0-8792-9B8D715DB65F}.Debug|Any CPU.Build.0 = Debug|Any CPU
		{56692035-D072-42F0-8792-9B8D715DB65F}.Release|Any CPU.ActiveCfg = Release|Any CPU
		{56692035-D072-42F0-8792-9B8D715DB65F}.Release|Any CPU.Build.0 = Release|Any CPU
		{DC4C5589-5B23-42A1-8653-E17B54B0E888}.Debug|Any CPU.ActiveCfg = Debug|Any CPU
		{DC4C5589-5B23-42A1-8653-E17B54B0E888}.Debug|Any CPU.Build.0 = Debug|Any CPU
		{DC4C5589-5B23-42A1-8653-E17B54B0E888}.Release|Any CPU.ActiveCfg = Release|Any CPU
		{DC4C5589-5B23-42A1-8653-E17B54B0E888}.Release|Any CPU.Build.0 = Release|Any CPU
	EndGlobalSection
	GlobalSection(SolutionProperties) = preSolution
		HideSolutionNode = FALSE
	EndGlobalSection
	GlobalSection(ExtensibilityGlobals) = postSolution
		SolutionGuid = {B92683C9-F2B8-47CB-A717-3A0AAF668F64}
	EndGlobalSection
EndGlobal
